{
  "version": 4,
  "terraform_version": "0.12.28",
  "serial": 9,
  "lineage": "88ed23c8-8183-29b0-8b7e-cc6eb88ad831",
  "outputs": {},
  "resources": [
    {
      "module": "module.test_s3_bis_bucket",
      "mode": "managed",
      "type": "aws_s3_bucket",
      "name": "bar",
      "provider": "provider.aws",
      "instances": [
        {
          "schema_version": 0,
          "attributes": {
            "acceleration_status": "",
            "acl": "private",
            "arn": "arn:aws:s3:::import-as-module-test-22",
            "bucket": "import-as-module-test-22",
            "bucket_domain_name": "import-as-module-test-22.s3.amazonaws.com",
            "bucket_prefix": null,
            "bucket_regional_domain_name": "import-as-module-test-22.s3.eu-west-2.amazonaws.com",
            "cors_rule": [],
            "force_destroy": false,
            "grant": [],
            "hosted_zone_id": "Z3GKZC51ZF0DB4",
            "id": "import-as-module-test-22",
            "lifecycle_rule": [],
            "logging": [],
            "object_lock_configuration": [],
            "policy": null,
            "region": "eu-west-2",
            "replication_configuration": [],
            "request_payer": "BucketOwner",
            "server_side_encryption_configuration": [],
            "tags": {
              "Environment": "Dev",
              "Name": "My bucket"
            },
            "versioning": [
              {
                "enabled": false,
                "mfa_delete": false
              }
            ],
            "website": [],
            "website_domain": null,
            "website_endpoint": null
          },
          "private": "bnVsbA=="
        }
      ]
    },
    {
      "module": "module.test_s3_bis_bucket",
      "mode": "managed",
      "type": "aws_s3_bucket",
      "name": "foo",
      "provider": "provider.aws",
      "instances": [
        {
          "schema_version": 0,
          "attributes": {
            "acceleration_status": "",
            "acl": "private",
            "arn": "arn:aws:s3:::import-as-module-test",
            "bucket": "import-as-module-test",
            "bucket_domain_name": "import-as-module-test.s3.amazonaws.com",
            "bucket_prefix": null,
            "bucket_regional_domain_name": "import-as-module-test.s3.eu-west-2.amazonaws.com",
            "cors_rule": [],
            "force_destroy": false,
            "grant": [],
            "hosted_zone_id": "Z3GKZC51ZF0DB4",
            "id": "import-as-module-test",
            "lifecycle_rule": [],
            "logging": [],
            "object_lock_configuration": [],
            "policy": null,
            "region": "eu-west-2",
            "replication_configuration": [],
            "request_payer": "BucketOwner",
            "server_side_encryption_configuration": [],
            "tags": {
              "Environment": "Dev",
              "Name": "My bucket"
            },
            "versioning": [
              {
                "enabled": false,
                "mfa_delete": false
              }
            ],
            "website": [],
            "website_domain": null,
            "website_endpoint": null
          },
          "private": "bnVsbA=="
        }
      ]
    }
  ]
}
