{
  "version": 4,
  "terraform_version": "0.12.28",
  "serial": 1,
  "lineage": "f74b5321-8dea-74ba-daf2-8e4d3c15911b",
  "outputs": {},
  "resources": [
    {
      "module": "module.import-s3",
      "mode": "managed",
      "type": "aws_s3_bucket",
      "name": "foo",
      "provider": "provider.aws",
      "instances": [
        {
          "schema_version": 0,
          "attributes": {
            "acceleration_status": "",
            "acl": null,
            "arn": "arn:aws:s3:::import-as-module-test",
            "bucket": "import-as-module-test",
            "bucket_domain_name": "import-as-module-test.s3.amazonaws.com",
            "bucket_prefix": null,
            "bucket_regional_domain_name": "import-as-module-test.s3.eu-west-2.amazonaws.com",
            "cors_rule": [],
            "force_destroy": null,
            "grant": [],
            "hosted_zone_id": "Z3GKZC51ZF0DB4",
            "id": "import-as-module-test",
            "lifecycle_rule": [],
            "logging": [],
            "object_lock_configuration": [],
            "policy": null,
            "region": "eu-west-2",
            "replication_configuration": [],
            "request_payer": "BucketOwner",
            "server_side_encryption_configuration": [],
            "tags": {},
            "versioning": [
              {
                "enabled": false,
                "mfa_delete": false
              }
            ],
            "website": [],
            "website_domain": null,
            "website_endpoint": null
          },
          "private": "eyJzY2hlbWFfdmVyc2lvbiI6IjAifQ=="
        }
      ]
    }
  ]
}
