{
  "version": 4,
  "terraform_version": "0.12.28",
  "serial": 2,
  "lineage": "d0990955-72a6-8f4a-5b3c-25bfc97c15b4",
  "outputs": {},
  "resources": [
    {
      "mode": "managed",
      "type": "aws_s3_bucket",
      "name": "foo",
      "provider": "provider.aws",
      "instances": [
        {
          "schema_version": 0,
          "attributes": {
            "acceleration_status": "",
            "acl": null,
            "arn": "arn:aws:s3:::cf-templates-x3i832raup6a-eu-west-2",
            "bucket": "cf-templates-x3i832raup6a-eu-west-2",
            "bucket_domain_name": "cf-templates-x3i832raup6a-eu-west-2.s3.amazonaws.com",
            "bucket_prefix": null,
            "bucket_regional_domain_name": "cf-templates-x3i832raup6a-eu-west-2.s3.eu-west-2.amazonaws.com",
            "cors_rule": [],
            "force_destroy": null,
            "grant": [],
            "hosted_zone_id": "Z3GKZC51ZF0DB4",
            "id": "cf-templates-x3i832raup6a-eu-west-2",
            "lifecycle_rule": [],
            "logging": [],
            "object_lock_configuration": [],
            "policy": null,
            "region": "eu-west-2",
            "replication_configuration": [],
            "request_payer": "BucketOwner",
            "server_side_encryption_configuration": [
              {
                "rule": [
                  {
                    "apply_server_side_encryption_by_default": [
                      {
                        "kms_master_key_id": "",
                        "sse_algorithm": "AES256"
                      }
                    ]
                  }
                ]
              }
            ],
            "tags": {},
            "versioning": [
              {
                "enabled": false,
                "mfa_delete": false
              }
            ],
            "website": [],
            "website_domain": null,
            "website_endpoint": null
          }
        }
      ]
    }
  ]
}
